{
  "name": "@declanprice/domaindocs",
  "lockfileVersion": 3,
  "requires": true,
  "packages": {
    "": {
      "devDependencies": {
        "@editorjs/paragraph": "^2.11.3",
        "@types/node": "^20.9.0"
      }
    },
    "node_modules/@codexteam/icons": {
      "version": "0.0.4",
      "resolved": "https://registry.npmjs.org/@codexteam/icons/-/icons-0.0.4.tgz",
      "integrity": "sha512-V8N/TY2TGyas4wLrPIFq7bcow68b3gu8DfDt1+rrHPtXxcexadKauRJL6eQgfG7Z0LCrN4boLRawR4S9gjIh/Q==",
      "dev": true
    },
    "node_modules/@editorjs/paragraph": {
      "version": "2.11.3",
      "resolved": "https://registry.npmjs.org/@editorjs/paragraph/-/paragraph-2.11.3.tgz",
      "integrity": "sha512-ON72lhvhgWzPrq4VXpHUeut9bsFeJgVATDeL850FVToOwYHKvdsNpfu0VgxEodhkXgzU/IGl4FzdqC2wd3AJUQ==",
      "dev": true,
      "dependencies": {
        "@codexteam/icons": "^0.0.4"
      }
    },
    "node_modules/@types/node": {
      "version": "20.9.0",
      "dev": true,
      "license": "MIT",
      "dependencies": {
        "undici-types": "~5.26.4"
      }
    },
    "node_modules/undici-types": {
      "version": "5.26.5",
      "dev": true,
      "license": "MIT"
    }
  }
}
